version: 6
environments:
  default:
    channels:
    - url: https://conda.anaconda.org/conda-forge/
    packages:
      osx-arm64:
      - conda: https://conda.anaconda.org/conda-forge/noarch/aiohappyeyeballs-2.5.0-pyhd8ed1ab_0.conda
      - conda: https://conda.anaconda.org/conda-forge/osx-arm64/aiohttp-3.11.13-py313ha9b7d5b_0.conda
      - conda: https://conda.anaconda.org/conda-forge/noarch/aiosignal-1.3.2-pyhd8ed1ab_0.conda
      - conda: https://conda.anaconda.org/conda-forge/noarch/asttokens-3.0.0-pyhd8ed1ab_1.conda
      - conda: https://conda.anaconda.org/conda-forge/noarch/attrs-25.1.0-pyh71513ae_0.conda
      - conda: https://conda.anaconda.org/conda-forge/noarch/blinker-1.9.0-pyhff2d567_0.conda
      - conda: https://conda.anaconda.org/conda-forge/osx-arm64/brotli-python-1.1.0-py313h3579c5c_2.conda
      - conda: https://conda.anaconda.org/conda-forge/osx-arm64/bzip2-1.0.8-h99b78c6_7.conda
      - conda: https://conda.anaconda.org/conda-forge/osx-arm64/ca-certificates-2025.1.31-hf0a4a13_0.conda
      - conda: https://conda.anaconda.org/conda-forge/noarch/cachetools-5.5.2-pyhd8ed1ab_0.conda
      - conda: https://conda.anaconda.org/conda-forge/noarch/certifi-2025.1.31-pyhd8ed1ab_0.conda
      - conda: https://conda.anaconda.org/conda-forge/osx-arm64/cffi-1.17.1-py313hc845a76_0.conda
      - conda: https://conda.anaconda.org/conda-forge/noarch/charset-normalizer-3.4.1-pyhd8ed1ab_0.conda
      - conda: https://conda.anaconda.org/conda-forge/noarch/click-8.1.8-pyh707e725_0.conda
      - conda: https://conda.anaconda.org/conda-forge/osx-arm64/cryptography-44.0.2-py313h54e0d97_0.conda
      - conda: https://conda.anaconda.org/conda-forge/noarch/decorator-5.2.1-pyhd8ed1ab_0.conda
      - conda: https://conda.anaconda.org/conda-forge/noarch/exceptiongroup-1.2.2-pyhd8ed1ab_1.conda
      - conda: https://conda.anaconda.org/conda-forge/noarch/executing-2.1.0-pyhd8ed1ab_1.conda
      - conda: https://conda.anaconda.org/conda-forge/osx-arm64/frozenlist-1.5.0-py313ha9b7d5b_1.conda
      - conda: https://conda.anaconda.org/conda-forge/noarch/git_root-0.2-pyhd8ed1ab_0.conda
      - conda: https://conda.anaconda.org/conda-forge/noarch/google-api-core-2.24.1-pyhd8ed1ab_0.conda
      - conda: https://conda.anaconda.org/conda-forge/noarch/google-api-python-client-2.163.0-pyhff2d567_0.conda
      - conda: https://conda.anaconda.org/conda-forge/noarch/google-auth-2.38.0-pyhd8ed1ab_0.conda
      - conda: https://conda.anaconda.org/conda-forge/noarch/google-auth-httplib2-0.2.0-pyhd8ed1ab_1.conda
      - conda: https://conda.anaconda.org/conda-forge/noarch/google-auth-oauthlib-1.2.1-pyhd8ed1ab_1.conda
      - conda: https://conda.anaconda.org/conda-forge/noarch/googleapis-common-protos-1.69.1-pyhd8ed1ab_0.conda
      - conda: https://conda.anaconda.org/conda-forge/noarch/h2-4.2.0-pyhd8ed1ab_0.conda
      - conda: https://conda.anaconda.org/conda-forge/noarch/hpack-4.1.0-pyhd8ed1ab_0.conda
      - conda: https://conda.anaconda.org/conda-forge/noarch/httplib2-0.22.0-pyhd8ed1ab_1.conda
      - conda: https://conda.anaconda.org/conda-forge/noarch/hyperframe-6.1.0-pyhd8ed1ab_0.conda
      - conda: https://conda.anaconda.org/conda-forge/noarch/idna-3.10-pyhd8ed1ab_1.conda
      - conda: https://conda.anaconda.org/conda-forge/noarch/ipdb-0.13.13-pyhd8ed1ab_1.conda
      - conda: https://conda.anaconda.org/conda-forge/noarch/ipython-9.0.2-pyhfb0248b_0.conda
      - conda: https://conda.anaconda.org/conda-forge/noarch/ipython_pygments_lexers-1.1.1-pyhd8ed1ab_0.conda
      - conda: https://conda.anaconda.org/conda-forge/noarch/isort-6.0.1-pyhd8ed1ab_0.conda
      - conda: https://conda.anaconda.org/conda-forge/noarch/jedi-0.19.2-pyhd8ed1ab_1.conda
      - conda: https://conda.anaconda.org/conda-forge/osx-arm64/libabseil-20250127.0-cxx17_h07bc746_0.conda
      - conda: https://conda.anaconda.org/conda-forge/osx-arm64/libcxx-19.1.7-ha82da77_0.conda
      - conda: https://conda.anaconda.org/conda-forge/osx-arm64/libexpat-2.6.4-h286801f_0.conda
      - conda: https://conda.anaconda.org/conda-forge/osx-arm64/libffi-3.4.2-h3422bc3_5.tar.bz2
      - conda: https://conda.anaconda.org/conda-forge/osx-arm64/liblzma-5.6.4-h39f12f2_0.conda
      - conda: https://conda.anaconda.org/conda-forge/osx-arm64/libmpdec-4.0.0-h99b78c6_0.conda
      - conda: https://conda.anaconda.org/conda-forge/osx-arm64/libsqlite-3.49.1-h3f77e49_1.conda
      - conda: https://conda.anaconda.org/conda-forge/osx-arm64/libzlib-1.3.1-h8359307_2.conda
      - conda: https://conda.anaconda.org/conda-forge/noarch/matplotlib-inline-0.1.7-pyhd8ed1ab_1.conda
      - conda: https://conda.anaconda.org/conda-forge/osx-arm64/multidict-6.1.0-py313h6347b5a_1.conda
      - conda: https://conda.anaconda.org/conda-forge/osx-arm64/mypy-1.15.0-py313h90d716c_0.conda
      - conda: https://conda.anaconda.org/conda-forge/noarch/mypy_extensions-1.0.0-pyha770c72_1.conda
      - conda: https://conda.anaconda.org/conda-forge/osx-arm64/ncurses-6.5-h5e97a16_3.conda
      - conda: https://conda.anaconda.org/conda-forge/noarch/oauthlib-3.2.2-pyhd8ed1ab_1.conda
      - conda: https://conda.anaconda.org/conda-forge/osx-arm64/openssl-3.4.1-h81ee809_0.conda
      - conda: https://conda.anaconda.org/conda-forge/noarch/parso-0.8.4-pyhd8ed1ab_1.conda
      - conda: https://conda.anaconda.org/conda-forge/noarch/pexpect-4.9.0-pyhd8ed1ab_1.conda
      - conda: https://conda.anaconda.org/conda-forge/noarch/pickleshare-0.7.5-pyhd8ed1ab_1004.conda
      - conda: https://conda.anaconda.org/conda-forge/noarch/prompt-toolkit-3.0.50-pyha770c72_0.conda
      - conda: https://conda.anaconda.org/conda-forge/osx-arm64/propcache-0.2.1-py313ha9b7d5b_1.conda
      - conda: https://conda.anaconda.org/conda-forge/noarch/proto-plus-1.26.0-pyhd8ed1ab_0.conda
      - conda: https://conda.anaconda.org/conda-forge/osx-arm64/protobuf-5.29.3-py313hfa7305b_0.conda
      - conda: https://conda.anaconda.org/conda-forge/osx-arm64/psutil-7.0.0-py313h90d716c_0.conda
      - conda: https://conda.anaconda.org/conda-forge/noarch/ptyprocess-0.7.0-pyhd8ed1ab_1.conda
      - conda: https://conda.anaconda.org/conda-forge/noarch/pure_eval-0.2.3-pyhd8ed1ab_1.conda
      - conda: https://conda.anaconda.org/conda-forge/noarch/pyasn1-0.6.1-pyhd8ed1ab_2.conda
      - conda: https://conda.anaconda.org/conda-forge/noarch/pyasn1-modules-0.4.1-pyhd8ed1ab_1.conda
      - conda: https://conda.anaconda.org/conda-forge/noarch/pycparser-2.22-pyh29332c3_1.conda
      - conda: https://conda.anaconda.org/conda-forge/noarch/pygments-2.19.1-pyhd8ed1ab_0.conda
      - conda: https://conda.anaconda.org/conda-forge/noarch/pyjwt-2.10.1-pyhd8ed1ab_0.conda
      - conda: https://conda.anaconda.org/conda-forge/noarch/pyopenssl-25.0.0-pyhd8ed1ab_0.conda
      - conda: https://conda.anaconda.org/conda-forge/noarch/pyparsing-3.2.1-pyhd8ed1ab_0.conda
      - conda: https://conda.anaconda.org/conda-forge/noarch/pypdf-5.3.1-pyh29332c3_0.conda
      - conda: https://conda.anaconda.org/conda-forge/noarch/pysocks-1.7.1-pyha55dd90_7.conda
      - conda: https://conda.anaconda.org/conda-forge/osx-arm64/python-3.13.2-h81fe080_101_cp313.conda
      - conda: https://conda.anaconda.org/conda-forge/osx-arm64/python_abi-3.13-5_cp313.conda
      - conda: https://conda.anaconda.org/conda-forge/noarch/pyu2f-0.1.5-pyhd8ed1ab_1.conda
      - conda: https://conda.anaconda.org/conda-forge/osx-arm64/readline-8.2-h1d1bf99_2.conda
      - conda: https://conda.anaconda.org/conda-forge/noarch/requests-2.32.3-pyhd8ed1ab_1.conda
      - conda: https://conda.anaconda.org/conda-forge/noarch/requests-oauthlib-2.0.0-pyhd8ed1ab_1.conda
      - conda: https://conda.anaconda.org/conda-forge/noarch/rsa-4.9-pyhd8ed1ab_1.conda
      - conda: https://conda.anaconda.org/conda-forge/osx-arm64/ruff-0.9.10-py313h35210b4_0.conda
      - conda: https://conda.anaconda.org/conda-forge/noarch/setuptools-75.8.2-pyhff2d567_0.conda
      - conda: https://conda.anaconda.org/conda-forge/noarch/six-1.17.0-pyhd8ed1ab_0.conda
      - conda: https://conda.anaconda.org/conda-forge/noarch/stack_data-0.6.3-pyhd8ed1ab_1.conda
      - conda: https://conda.anaconda.org/conda-forge/osx-arm64/tk-8.6.13-h5083fa2_1.conda
      - conda: https://conda.anaconda.org/conda-forge/noarch/toml-0.10.2-pyhd8ed1ab_1.conda
      - conda: https://conda.anaconda.org/conda-forge/noarch/traitlets-5.14.3-pyhd8ed1ab_1.conda
      - conda: https://conda.anaconda.org/conda-forge/noarch/typing-extensions-4.12.2-hd8ed1ab_1.conda
      - conda: https://conda.anaconda.org/conda-forge/noarch/typing_extensions-4.12.2-pyha770c72_1.conda
      - conda: https://conda.anaconda.org/conda-forge/noarch/tzdata-2025a-h78e105d_0.conda
      - conda: https://conda.anaconda.org/conda-forge/noarch/uritemplate-4.1.1-pyhd8ed1ab_1.conda
      - conda: https://conda.anaconda.org/conda-forge/noarch/urllib3-2.3.0-pyhd8ed1ab_0.conda
      - conda: https://conda.anaconda.org/conda-forge/noarch/wcwidth-0.2.13-pyhd8ed1ab_1.conda
      - conda: https://conda.anaconda.org/conda-forge/osx-arm64/yarl-1.18.3-py313ha9b7d5b_1.conda
      - conda: https://conda.anaconda.org/conda-forge/osx-arm64/zstandard-0.23.0-py313hf2da073_1.conda
      - conda: https://conda.anaconda.org/conda-forge/osx-arm64/zstd-1.5.6-hb46c0d2_0.conda
packages:
- conda: https://conda.anaconda.org/conda-forge/noarch/aiohappyeyeballs-2.5.0-pyhd8ed1ab_0.conda
  sha256: cb0175ba6301c389aa114ab36fd25808a97abf5fa9355b2656dfb7043cc378e4
  md5: b7dbe12461afb9eff415ed46cfa81021
  depends:
  - python >=3.9
  license: PSF-2.0
  license_family: PSF
  size: 19796
  timestamp: 1741285261329
- conda: https://conda.anaconda.org/conda-forge/osx-arm64/aiohttp-3.11.13-py313ha9b7d5b_0.conda
  sha256: 0b6e146424639a87a1e272c26c8676b3ad3ca50d29a75e19bd82e256b5c77c61
  md5: 0e9d81a1e6bdfbdf73d46d8559173fde
  depends:
  - __osx >=11.0
  - aiohappyeyeballs >=2.3.0
  - aiosignal >=1.1.2
  - attrs >=17.3.0
  - frozenlist >=1.1.1
  - multidict >=4.5,<7.0
  - propcache >=0.2.0
  - python >=3.13,<3.14.0a0
  - python >=3.13,<3.14.0a0 *_cp313
  - python_abi 3.13.* *_cp313
  - yarl >=1.17.0,<2.0
  license: MIT AND Apache-2.0
  license_family: Apache
  size: 897266
  timestamp: 1740481789493
- conda: https://conda.anaconda.org/conda-forge/noarch/aiosignal-1.3.2-pyhd8ed1ab_0.conda
  sha256: 7de8ced1918bbdadecf8e1c1c68237fe5709c097bd9e0d254f4cad118f4345d0
  md5: 1a3981115a398535dbe3f6d5faae3d36
  depends:
  - frozenlist >=1.1.0
  - python >=3.9
  license: Apache-2.0
  license_family: APACHE
  size: 13229
  timestamp: 1734342253061
- conda: https://conda.anaconda.org/conda-forge/noarch/asttokens-3.0.0-pyhd8ed1ab_1.conda
  sha256: 93b14414b3b3ed91e286e1cbe4e7a60c4e1b1c730b0814d1e452a8ac4b9af593
  md5: 8f587de4bcf981e26228f268df374a9b
  depends:
  - python >=3.9
  constrains:
  - astroid >=2,<4
  license: Apache-2.0
  license_family: Apache
  size: 28206
  timestamp: 1733250564754
- conda: https://conda.anaconda.org/conda-forge/noarch/attrs-25.1.0-pyh71513ae_0.conda
  sha256: 1f267886522dfb9ae4e5ebbc3135b5eb13cff27bdbfe8d881a4d893459166ab4
  md5: 2cc3f588512f04f3a0c64b4e9bedc02d
  depends:
  - python >=3.9
  license: MIT
  license_family: MIT
  size: 56370
  timestamp: 1737819298139
- conda: https://conda.anaconda.org/conda-forge/noarch/blinker-1.9.0-pyhff2d567_0.conda
  sha256: f7efd22b5c15b400ed84a996d777b6327e5c402e79e3c534a7e086236f1eb2dc
  md5: 42834439227a4551b939beeeb8a4b085
  depends:
  - python >=3.9
  license: MIT
  license_family: MIT
  size: 13934
  timestamp: 1731096548765
- conda: https://conda.anaconda.org/conda-forge/osx-arm64/brotli-python-1.1.0-py313h3579c5c_2.conda
  sha256: b0a66572f44570ee7cc960e223ca8600d26bb20cfb76f16b95adf13ec4ee3362
  md5: f3bee63c7b5d041d841aff05785c28b7
  depends:
  - __osx >=11.0
  - libcxx >=17
  - python >=3.13.0rc1,<3.14.0a0
  - python >=3.13.0rc1,<3.14.0a0 *_cp313
  - python_abi 3.13.* *_cp313
  constrains:
  - libbrotlicommon 1.1.0 hd74edd7_2
  license: MIT
  license_family: MIT
  size: 339067
  timestamp: 1725268603536
- conda: https://conda.anaconda.org/conda-forge/osx-arm64/bzip2-1.0.8-h99b78c6_7.conda
  sha256: adfa71f158cbd872a36394c56c3568e6034aa55c623634b37a4836bd036e6b91
  md5: fc6948412dbbbe9a4c9ddbbcfe0a79ab
  depends:
  - __osx >=11.0
  license: bzip2-1.0.6
  license_family: BSD
  size: 122909
  timestamp: 1720974522888
- conda: https://conda.anaconda.org/conda-forge/osx-arm64/ca-certificates-2025.1.31-hf0a4a13_0.conda
  sha256: 7e12816618173fe70f5c638b72adf4bfd4ddabf27794369bb17871c5bb75b9f9
  md5: 3569d6a9141adc64d2fe4797f3289e06
  license: ISC
  size: 158425
  timestamp: 1738298167688
- conda: https://conda.anaconda.org/conda-forge/noarch/cachetools-5.5.2-pyhd8ed1ab_0.conda
  sha256: 1823dc939b2c2b5354b6add5921434f9b873209a99569b3a2f24dca6c596c0d6
  md5: bf9c1698e819fab31f67dbab4256f7ba
  depends:
  - python >=3.9
  license: MIT
  license_family: MIT
  size: 15220
  timestamp: 1740094145914
- conda: https://conda.anaconda.org/conda-forge/noarch/certifi-2025.1.31-pyhd8ed1ab_0.conda
  sha256: 42a78446da06a2568cb13e69be3355169fbd0ea424b00fc80b7d840f5baaacf3
  md5: c207fa5ac7ea99b149344385a9c0880d
  depends:
  - python >=3.9
  license: ISC
  size: 162721
  timestamp: 1739515973129
- conda: https://conda.anaconda.org/conda-forge/osx-arm64/cffi-1.17.1-py313hc845a76_0.conda
  sha256: 50650dfa70ccf12b9c4a117d7ef0b41895815bb7328d830d667a6ba3525b60e8
  md5: 6d24d5587a8615db33c961a4ca0a8034
  depends:
  - __osx >=11.0
  - libffi >=3.4,<4.0a0
  - pycparser
  - python >=3.13.0rc1,<3.14.0a0
  - python >=3.13.0rc1,<3.14.0a0 *_cp313
  - python_abi 3.13.* *_cp313
  license: MIT
  license_family: MIT
  size: 282115
  timestamp: 1725560759157
- conda: https://conda.anaconda.org/conda-forge/noarch/charset-normalizer-3.4.1-pyhd8ed1ab_0.conda
  sha256: 4e0ee91b97e5de3e74567bdacea27f0139709fceca4db8adffbe24deffccb09b
  md5: e83a31202d1c0a000fce3e9cf3825875
  depends:
  - python >=3.9
  license: MIT
  license_family: MIT
  size: 47438
  timestamp: 1735929811779
- conda: https://conda.anaconda.org/conda-forge/noarch/click-8.1.8-pyh707e725_0.conda
  sha256: c920d23cd1fcf565031c679adb62d848af60d6fbb0edc2d50ba475cea4f0d8ab
  md5: f22f4d4970e09d68a10b922cbb0408d3
  depends:
  - __unix
  - python >=3.9
  license: BSD-3-Clause
  license_family: BSD
  size: 84705
  timestamp: 1734858922844
- conda: https://conda.anaconda.org/conda-forge/osx-arm64/cryptography-44.0.2-py313h54e0d97_0.conda
  sha256: 9385ea37e837fc54ac0188c8a42dce09fcf1b884bd7f66c08565b2c3903940a8
  md5: 03c90203283ff9ee573974e575a2d57c
  depends:
  - __osx >=11.0
  - cffi >=1.12
  - openssl >=3.4.1,<4.0a0
  - python >=3.13,<3.14.0a0
  - python >=3.13,<3.14.0a0 *_cp313
  - python_abi 3.13.* *_cp313
  constrains:
  - __osx >=11.0
  license: Apache-2.0 AND BSD-3-Clause AND PSF-2.0 AND MIT
  license_family: BSD
  size: 1480278
  timestamp: 1740894094909
- conda: https://conda.anaconda.org/conda-forge/noarch/decorator-5.2.1-pyhd8ed1ab_0.conda
  sha256: c17c6b9937c08ad63cb20a26f403a3234088e57d4455600974a0ce865cb14017
  md5: 9ce473d1d1be1cc3810856a48b3fab32
  depends:
  - python >=3.9
  license: BSD-2-Clause
  license_family: BSD
  size: 14129
  timestamp: 1740385067843
- conda: https://conda.anaconda.org/conda-forge/noarch/exceptiongroup-1.2.2-pyhd8ed1ab_1.conda
  sha256: cbde2c64ec317118fc06b223c5fd87c8a680255e7348dd60e7b292d2e103e701
  md5: a16662747cdeb9abbac74d0057cc976e
  depends:
  - python >=3.9
  license: MIT and PSF-2.0
  size: 20486
  timestamp: 1733208916977
- conda: https://conda.anaconda.org/conda-forge/noarch/executing-2.1.0-pyhd8ed1ab_1.conda
  sha256: 28d25ea375ebab4bf7479228f8430db20986187b04999136ff5c722ebd32eb60
  md5: ef8b5fca76806159fc25b4f48d8737eb
  depends:
  - python >=3.9
  license: MIT
  license_family: MIT
  size: 28348
  timestamp: 1733569440265
- conda: https://conda.anaconda.org/conda-forge/osx-arm64/frozenlist-1.5.0-py313ha9b7d5b_1.conda
  sha256: c1217ac210f34a0e0d48406ecf58e48e769d234c0ef58b594703efd88f1a939e
  md5: 1e73247993f60b945bb19040c43a7bb9
  depends:
  - __osx >=11.0
  - python >=3.13,<3.14.0a0
  - python >=3.13,<3.14.0a0 *_cp313
  - python_abi 3.13.* *_cp313
  license: Apache-2.0
  license_family: APACHE
  size: 56197
  timestamp: 1737645621670
- conda: https://conda.anaconda.org/conda-forge/noarch/git_root-0.2-pyhd8ed1ab_0.conda
  sha256: d834214eead196aa0d88b2b6c582936fa94114010b2b7f8a5f2ae28351a22ab3
  md5: 237d6bd4f7c5a64658f696594b3260fd
  depends:
  - python >=3.9
  license: MIT
  license_family: MIT
  size: 8498
  timestamp: 1738136933186
- conda: https://conda.anaconda.org/conda-forge/noarch/google-api-core-2.24.1-pyhd8ed1ab_0.conda
  sha256: b60cb5d2b11c3fd71e04948c6afd860fa233cd5b8d65478cbb3db67e1f32cfcb
  md5: 9e68d88fc56d20ff627e9f4f87e0569b
  depends:
  - google-auth >=2.14.1,<3.0.dev0
  - googleapis-common-protos >=1.56.2,<2.0.dev0
  - proto-plus >=1.25.0,<2.0.0dev
  - protobuf >=3.19.5,<6.0.0.dev0,!=3.20.0,!=3.20.1,!=4.21.0,!=4.21.1,!=4.21.2,!=4.21.3,!=4.21.4,!=4.21.5
  - python >=3.9
  - requests >=2.18.0,<3.0.0.dev0
  license: Apache-2.0
  license_family: APACHE
  size: 91181
  timestamp: 1738075026463
- conda: https://conda.anaconda.org/conda-forge/noarch/google-api-python-client-2.163.0-pyhff2d567_0.conda
  sha256: 8bc97b9a24b78b2d2b1e1fff0474c208cc086eeae3e6bfb4cb9c6d54638c3a9e
  md5: c4f9ec7771ab1a1736d68735d9b52498
  depends:
  - google-api-core >=1.31.5,<3.0.0.dev0,!=2.0.*,!=2.1.*,!=2.2.*,!=2.3.0
  - google-auth >=1.32.0,<3.0.0.dev0,!=2.24.0,!=2.25.0
  - google-auth-httplib2 >=0.2.0,<1.0.0
  - httplib2 >=0.19.0,<1.dev0
  - python >=3.9
  - uritemplate >=3.0.1,<5
  license: Apache-2.0 and MIT
  size: 6336575
  timestamp: 1741210072736
- conda: https://conda.anaconda.org/conda-forge/noarch/google-auth-2.38.0-pyhd8ed1ab_0.conda
  sha256: 0bbff264a2a50af0e2a61a4445c1b2353c6f44d87b83ffb36c95cca5d8fd4aaa
  md5: c48abda87ffa7a0cc9f819cb8a384a9a
  depends:
  - aiohttp >=3.6.2,<4.0.0
  - cachetools >=2.0.0,<6.0
  - cryptography >=38.0.3
  - pyasn1-modules >=0.2.1
  - pyopenssl >=20.0.0
  - python >=3.9
  - pyu2f >=0.1.5
  - requests >=2.20.0,<3.0.0
  - rsa >=3.1.4,<5
  license: Apache-2.0
  license_family: Apache
  size: 116328
  timestamp: 1737618370547
- conda: https://conda.anaconda.org/conda-forge/noarch/google-auth-httplib2-0.2.0-pyhd8ed1ab_1.conda
  sha256: 92f8adf33ec793cc24baf9ca80da43b84063d24b7d6d37c92327e21ae718ca01
  md5: b4df9c3ba1d0dac9b7e5630955aa3e32
  depends:
  - google-auth
  - httplib2 >=0.19.0
  - python >=3.9
  license: Apache-2.0
  license_family: Apache
  size: 14910
  timestamp: 1733907507837
- conda: https://conda.anaconda.org/conda-forge/noarch/google-auth-oauthlib-1.2.1-pyhd8ed1ab_1.conda
  sha256: bc24ca2adc93a827a20e076e6ac0b9c0beaa1eb8d3cd6c5f6cf027f53113a93c
  md5: 0fd0e6681f01076477c713ff70dbdf75
  depends:
  - click >=6.0.0
  - google-auth >=2.15.0
  - python >=3.9
  - requests-oauthlib >=0.7.0
  license: Apache-2.0
  license_family: Apache
  size: 25474
  timestamp: 1734029033935
- conda: https://conda.anaconda.org/conda-forge/noarch/googleapis-common-protos-1.69.1-pyhd8ed1ab_0.conda
  sha256: dfda18ddeec0ef5f724337e2012eabf7e68d7e610d7902354dfd6934a773a178
  md5: 719db72ae80d0b2213c4052a98045f36
  depends:
  - protobuf >=3.20.2,<6.0.0.dev0,!=3.20.0,!=3.20.1,!=4.21.1,!=4.21.2,!=4.21.3,!=4.21.4,!=4.21.5
  - python >=3.9
  license: Apache-2.0
  license_family: APACHE
  size: 140464
  timestamp: 1741437541298
- conda: https://conda.anaconda.org/conda-forge/noarch/h2-4.2.0-pyhd8ed1ab_0.conda
  sha256: 0aa1cdc67a9fe75ea95b5644b734a756200d6ec9d0dff66530aec3d1c1e9df75
  md5: b4754fb1bdcb70c8fd54f918301582c6
  depends:
  - hpack >=4.1,<5
  - hyperframe >=6.1,<7
  - python >=3.9
  license: MIT
  license_family: MIT
  size: 53888
  timestamp: 1738578623567
- conda: https://conda.anaconda.org/conda-forge/noarch/hpack-4.1.0-pyhd8ed1ab_0.conda
  sha256: 6ad78a180576c706aabeb5b4c8ceb97c0cb25f1e112d76495bff23e3779948ba
  md5: 0a802cb9888dd14eeefc611f05c40b6e
  depends:
  - python >=3.9
  license: MIT
  license_family: MIT
  size: 30731
  timestamp: 1737618390337
- conda: https://conda.anaconda.org/conda-forge/noarch/httplib2-0.22.0-pyhd8ed1ab_1.conda
  sha256: f6ee2956004d98a6ea9ebdaa975dd222b658a31de3ed89348eb67749a0949c6f
  md5: 2a534e4b838b6efab1732c869d993b45
  depends:
  - pyparsing >=2.4.2,<4,!=3.0.0,!=3.0.1,!=3.0.2,!=3.0.3
  - python >=3.9
  license: MIT
  license_family: MIT
  size: 94955
  timestamp: 1733927590260
- conda: https://conda.anaconda.org/conda-forge/noarch/hyperframe-6.1.0-pyhd8ed1ab_0.conda
  sha256: 77af6f5fe8b62ca07d09ac60127a30d9069fdc3c68d6b256754d0ffb1f7779f8
  md5: 8e6923fc12f1fe8f8c4e5c9f343256ac
  depends:
  - python >=3.9
  license: MIT
  license_family: MIT
  size: 17397
  timestamp: 1737618427549
- conda: https://conda.anaconda.org/conda-forge/noarch/idna-3.10-pyhd8ed1ab_1.conda
  sha256: d7a472c9fd479e2e8dcb83fb8d433fce971ea369d704ece380e876f9c3494e87
  md5: 39a4f67be3286c86d696df570b1201b7
  depends:
  - python >=3.9
  license: BSD-3-Clause
  license_family: BSD
  size: 49765
  timestamp: 1733211921194
- conda: https://conda.anaconda.org/conda-forge/noarch/ipdb-0.13.13-pyhd8ed1ab_1.conda
  sha256: 33275d537122e67df200203d541170db8b55886667d30cc7262cc1e463b04406
  md5: 044c5249ad8ea18a414d07baa1f369ea
  depends:
  - decorator
  - ipython
  - python >=3.9
  - toml >=0.10.2
  license: BSD-3-Clause
  license_family: BSD
  size: 18713
  timestamp: 1734884952029
- conda: https://conda.anaconda.org/conda-forge/noarch/ipython-9.0.2-pyhfb0248b_0.conda
  sha256: 98f14471e0f492d290c4882f1e2c313fffc67a0f9a3a36e699d7b0c5d42a5196
  md5: b031bcd65b260a0a3353531eab50d465
  depends:
  - __unix
  - pexpect >4.3
  - decorator
  - exceptiongroup
  - ipython_pygments_lexers
  - jedi >=0.16
  - matplotlib-inline
  - pickleshare
  - prompt-toolkit >=3.0.41,<3.1.0
  - pygments >=2.4.0
  - python >=3.11
  - stack_data
  - traitlets >=5.13.0
  - typing_extensions >=4.6
  - python
  license: BSD-3-Clause
  size: 615519
  timestamp: 1741457126430
- conda: https://conda.anaconda.org/conda-forge/noarch/ipython_pygments_lexers-1.1.1-pyhd8ed1ab_0.conda
  sha256: 894682a42a7d659ae12878dbcb274516a7031bbea9104e92f8e88c1f2765a104
  md5: bd80ba060603cc228d9d81c257093119
  depends:
  - pygments
  - python >=3.9
  license: BSD-3-Clause
  license_family: BSD
  size: 13993
  timestamp: 1737123723464
- conda: https://conda.anaconda.org/conda-forge/noarch/isort-6.0.1-pyhd8ed1ab_0.conda
  sha256: 9c5fb97efa0eb32b42564edaacb5edb9a1f82ba8f5f8b135e794960101115b5a
  md5: a8abfd3f223b1ecb8c699dca974933bd
  depends:
  - python >=3.9,<4.0
  - setuptools
  license: MIT
  license_family: MIT
  size: 74660
  timestamp: 1740643514349
- conda: https://conda.anaconda.org/conda-forge/noarch/jedi-0.19.2-pyhd8ed1ab_1.conda
  sha256: 92c4d217e2dc68983f724aa983cca5464dcb929c566627b26a2511159667dba8
  md5: a4f4c5dc9b80bc50e0d3dc4e6e8f1bd9
  depends:
  - parso >=0.8.3,<0.9.0
  - python >=3.9
  license: Apache-2.0 AND MIT
  size: 843646
  timestamp: 1733300981994
- conda: https://conda.anaconda.org/conda-forge/osx-arm64/libabseil-20250127.0-cxx17_h07bc746_0.conda
  sha256: b8fb5e23e1ec8fd981f05f6812833f3b83a57833470bcc464ac3c812a6b91e3d
  md5: fc8e122b60122397da917df25e101c2a
  depends:
  - __osx >=11.0
  - libcxx >=18
  constrains:
  - abseil-cpp =20250127.0
  - libabseil-static =20250127.0=cxx17*
  license: Apache-2.0
  license_family: Apache
  size: 1193042
  timestamp: 1741094304276
- conda: https://conda.anaconda.org/conda-forge/osx-arm64/libcxx-19.1.7-ha82da77_0.conda
  sha256: 776092346da87a2a23502e14d91eb0c32699c4a1522b7331537bd1c3751dcff5
  md5: 5b3e1610ff8bd5443476b91d618f5b77
  depends:
  - __osx >=11.0
  license: Apache-2.0 WITH LLVM-exception
  license_family: Apache
  size: 523505
  timestamp: 1736877862502
- conda: https://conda.anaconda.org/conda-forge/osx-arm64/libexpat-2.6.4-h286801f_0.conda
  sha256: e42ab5ace927ee7c84e3f0f7d813671e1cf3529f5f06ee5899606630498c2745
  md5: 38d2656dd914feb0cab8c629370768bf
  depends:
  - __osx >=11.0
  constrains:
  - expat 2.6.4.*
  license: MIT
  license_family: MIT
  size: 64693
  timestamp: 1730967175868
- conda: https://conda.anaconda.org/conda-forge/osx-arm64/libffi-3.4.2-h3422bc3_5.tar.bz2
  sha256: 41b3d13efb775e340e4dba549ab5c029611ea6918703096b2eaa9c015c0750ca
  md5: 086914b672be056eb70fd4285b6783b6
  license: MIT
  license_family: MIT
  size: 39020
  timestamp: 1636488587153
- conda: https://conda.anaconda.org/conda-forge/osx-arm64/liblzma-5.6.4-h39f12f2_0.conda
  sha256: 560c59d3834cc652a84fb45531bd335ad06e271b34ebc216e380a89798fe8e2c
  md5: e3fd1f8320a100f2b210e690a57cd615
  depends:
  - __osx >=11.0
  license: 0BSD
  size: 98945
  timestamp: 1738525462560
- conda: https://conda.anaconda.org/conda-forge/osx-arm64/libmpdec-4.0.0-h99b78c6_0.conda
  sha256: f7917de9117d3a5fe12a39e185c7ce424f8d5010a6f97b4333e8a1dcb2889d16
  md5: 7476305c35dd9acef48da8f754eedb40
  depends:
  - __osx >=11.0
  license: BSD-2-Clause
  license_family: BSD
  size: 69263
  timestamp: 1723817629767
- conda: https://conda.anaconda.org/conda-forge/osx-arm64/libsqlite-3.49.1-h3f77e49_1.conda
  sha256: 266639fb10ca92287961574b0b4d6031fa40dd9d723d64a0fcb08513a24dab03
  md5: c83357a21092bd952933c36c5cb4f4d6
  depends:
  - __osx >=11.0
  - libzlib >=1.3.1,<2.0a0
  license: Unlicense
  size: 898767
  timestamp: 1739953312379
- conda: https://conda.anaconda.org/conda-forge/osx-arm64/libzlib-1.3.1-h8359307_2.conda
  sha256: ce34669eadaba351cd54910743e6a2261b67009624dbc7daeeafdef93616711b
  md5: 369964e85dc26bfe78f41399b366c435
  depends:
  - __osx >=11.0
  constrains:
  - zlib 1.3.1 *_2
  license: Zlib
  license_family: Other
  size: 46438
  timestamp: 1727963202283
- conda: https://conda.anaconda.org/conda-forge/noarch/matplotlib-inline-0.1.7-pyhd8ed1ab_1.conda
  sha256: 69b7dc7131703d3d60da9b0faa6dd8acbf6f6c396224cf6aef3e855b8c0c41c6
  md5: af6ab708897df59bd6e7283ceab1b56b
  depends:
  - python >=3.9
  - traitlets
  license: BSD-3-Clause
  license_family: BSD
  size: 14467
  timestamp: 1733417051523
- conda: https://conda.anaconda.org/conda-forge/osx-arm64/multidict-6.1.0-py313h6347b5a_1.conda
  sha256: 4822ae1adb18aebd8adc4b14575af3b73a72d8fc0cdd9183abfb64806da2bdba
  md5: a2fd6163d77cd463c89f8746ad11cac7
  depends:
  - __osx >=11.0
  - python >=3.13,<3.14.0a0
  - python >=3.13,<3.14.0a0 *_cp313
  - python_abi 3.13.* *_cp313
  license: Apache-2.0
  license_family: APACHE
  size: 56170
  timestamp: 1729065738448
- conda: https://conda.anaconda.org/conda-forge/osx-arm64/mypy-1.15.0-py313h90d716c_0.conda
  sha256: 4dc7a5a30017c742c204311afd078c639ca434b7f44835dfba789a5fb972ea6c
  md5: d01a9742c8e3c425d3c3d5e412a43872
  depends:
  - __osx >=11.0
  - mypy_extensions >=1.0.0
  - psutil >=4.0
  - python >=3.13,<3.14.0a0
  - python >=3.13,<3.14.0a0 *_cp313
  - python_abi 3.13.* *_cp313
  - typing_extensions >=4.1.0
  license: MIT
  license_family: MIT
  size: 10275919
  timestamp: 1738768578918
- conda: https://conda.anaconda.org/conda-forge/noarch/mypy_extensions-1.0.0-pyha770c72_1.conda
  sha256: 1895f47b7d68581a6facde5cb13ab8c2764c2e53a76bd746f8f98910dc4e08fe
  md5: 29097e7ea634a45cc5386b95cac6568f
  depends:
  - python >=3.9
  license: MIT
  license_family: MIT
  size: 10854
  timestamp: 1733230986902
- conda: https://conda.anaconda.org/conda-forge/osx-arm64/ncurses-6.5-h5e97a16_3.conda
  sha256: 2827ada40e8d9ca69a153a45f7fd14f32b2ead7045d3bbb5d10964898fe65733
  md5: 068d497125e4bf8a66bf707254fff5ae
  depends:
  - __osx >=11.0
  license: X11 AND BSD-3-Clause
  size: 797030
  timestamp: 1738196177597
- conda: https://conda.anaconda.org/conda-forge/noarch/oauthlib-3.2.2-pyhd8ed1ab_1.conda
  sha256: bec65607d36759e85aab2331ff7f056cb32be0bca92ee2b955aea3306330bd1b
  md5: bf5f2c90d503d43a8c45cedf766b4b8e
  depends:
  - blinker
  - cryptography
  - pyjwt >=1.0.0
  - python >=3.9
  license: BSD-3-Clause
  license_family: BSD
  size: 97604
  timestamp: 1733752957557
- conda: https://conda.anaconda.org/conda-forge/osx-arm64/openssl-3.4.1-h81ee809_0.conda
  sha256: 4f8e2389e1b711b44182a075516d02c80fa7a3a7e25a71ff1b5ace9eae57a17a
  md5: 75f9f0c7b1740017e2db83a53ab9a28e
  depends:
  - __osx >=11.0
  - ca-certificates
  license: Apache-2.0
  license_family: Apache
  size: 2934522
  timestamp: 1739301896733
- conda: https://conda.anaconda.org/conda-forge/noarch/parso-0.8.4-pyhd8ed1ab_1.conda
  sha256: 17131120c10401a99205fc6fe436e7903c0fa092f1b3e80452927ab377239bcc
  md5: 5c092057b6badd30f75b06244ecd01c9
  depends:
  - python >=3.9
  license: MIT
  license_family: MIT
  size: 75295
  timestamp: 1733271352153
- conda: https://conda.anaconda.org/conda-forge/noarch/pexpect-4.9.0-pyhd8ed1ab_1.conda
  sha256: 202af1de83b585d36445dc1fda94266697341994d1a3328fabde4989e1b3d07a
  md5: d0d408b1f18883a944376da5cf8101ea
  depends:
  - ptyprocess >=0.5
  - python >=3.9
  license: ISC
  size: 53561
  timestamp: 1733302019362
- conda: https://conda.anaconda.org/conda-forge/noarch/pickleshare-0.7.5-pyhd8ed1ab_1004.conda
  sha256: e2ac3d66c367dada209fc6da43e645672364b9fd5f9d28b9f016e24b81af475b
  md5: 11a9d1d09a3615fc07c3faf79bc0b943
  depends:
  - python >=3.9
  license: MIT
  license_family: MIT
  size: 11748
  timestamp: 1733327448200
- conda: https://conda.anaconda.org/conda-forge/noarch/prompt-toolkit-3.0.50-pyha770c72_0.conda
  sha256: 0749c49a349bf55b8539ce5addce559b77592165da622944a51c630e94d97889
  md5: 7d823138f550b14ecae927a5ff3286de
  depends:
  - python >=3.9
  - wcwidth
  constrains:
  - prompt_toolkit 3.0.50
  license: BSD-3-Clause
  license_family: BSD
  size: 271905
  timestamp: 1737453457168
- conda: https://conda.anaconda.org/conda-forge/osx-arm64/propcache-0.2.1-py313ha9b7d5b_1.conda
  sha256: b0a1eff5272977d04448ae16ae89c77b20f8c5c1ad6a92cd5821dd9625e8f806
  md5: b587bc88a68e210ea12a92ed174d3671
  depends:
  - __osx >=11.0
  - python >=3.13,<3.14.0a0
  - python >=3.13,<3.14.0a0 *_cp313
  - python_abi 3.13.* *_cp313
  license: Apache-2.0
  license_family: APACHE
  size: 50184
  timestamp: 1737635931280
- conda: https://conda.anaconda.org/conda-forge/noarch/proto-plus-1.26.0-pyhd8ed1ab_0.conda
  sha256: cb877fb0e23d52acd25c6e4a752b0ec3b5f3df5744dfaecf084bb86bcdc42e07
  md5: af56ef3028e6f1ec3afab296e9026921
  depends:
  - protobuf >=3.19.0,<6.0.0dev
  - python >=3.9
  license: Apache-2.0
  license_family: APACHE
  size: 42484
  timestamp: 1738062011003
- conda: https://conda.anaconda.org/conda-forge/osx-arm64/protobuf-5.29.3-py313hfa7305b_0.conda
  sha256: cd2a6b56936f1934044e48f82575337567cee5f9d4a91309546838e335113639
  md5: c97c25a206471287991e781bb63f04a7
  depends:
  - __osx >=11.0
  - libabseil * cxx17*
  - libabseil >=20250127.0,<20250128.0a0
  - libcxx >=18
  - libzlib >=1.3.1,<2.0a0
  - python >=3.13,<3.14.0a0
  - python >=3.13,<3.14.0a0 *_cp313
  - python_abi 3.13.* *_cp313
  constrains:
  - libprotobuf 5.29.3
  license: BSD-3-Clause
  license_family: BSD
  size: 470026
  timestamp: 1741126235646
- conda: https://conda.anaconda.org/conda-forge/osx-arm64/psutil-7.0.0-py313h90d716c_0.conda
  sha256: a3d8376cf24ee336f63d3e6639485b68c592cf5ed3e1501ac430081be055acf9
  md5: 21105780750e89c761d1c72dc5304930
  depends:
  - __osx >=11.0
  - python >=3.13,<3.14.0a0
  - python >=3.13,<3.14.0a0 *_cp313
  - python_abi 3.13.* *_cp313
  license: BSD-3-Clause
  license_family: BSD
  size: 484139
  timestamp: 1740663381126
- conda: https://conda.anaconda.org/conda-forge/noarch/ptyprocess-0.7.0-pyhd8ed1ab_1.conda
  sha256: a7713dfe30faf17508ec359e0bc7e0983f5d94682492469bd462cdaae9c64d83
  md5: 7d9daffbb8d8e0af0f769dbbcd173a54
  depends:
  - python >=3.9
  license: ISC
  size: 19457
  timestamp: 1733302371990
- conda: https://conda.anaconda.org/conda-forge/noarch/pure_eval-0.2.3-pyhd8ed1ab_1.conda
  sha256: 71bd24600d14bb171a6321d523486f6a06f855e75e547fa0cb2a0953b02047f0
  md5: 3bfdfb8dbcdc4af1ae3f9a8eb3948f04
  depends:
  - python >=3.9
  license: MIT
  license_family: MIT
  size: 16668
  timestamp: 1733569518868
- conda: https://conda.anaconda.org/conda-forge/noarch/pyasn1-0.6.1-pyhd8ed1ab_2.conda
  sha256: d06051df66e9ab753683d7423fcef873d78bb0c33bd112c3d5be66d529eddf06
  md5: 09bb17ed307ad6ab2fd78d32372fdd4e
  depends:
  - python >=3.9
  license: BSD-2-Clause
  license_family: BSD
  size: 62230
  timestamp: 1733217699113
- conda: https://conda.anaconda.org/conda-forge/noarch/pyasn1-modules-0.4.1-pyhd8ed1ab_1.conda
  sha256: 565e961fce215ccf14f863c3030eda5b83014489679d27166ff97144bf977810
  md5: 1c6476fdb96e6c3db6c3f7693cdba78e
  depends:
  - pyasn1 >=0.4.6,<0.7.0
  - python >=3.9
  license: BSD-2-Clause
  license_family: BSD
  size: 95825
  timestamp: 1733324693664
- conda: https://conda.anaconda.org/conda-forge/noarch/pycparser-2.22-pyh29332c3_1.conda
  sha256: 79db7928d13fab2d892592223d7570f5061c192f27b9febd1a418427b719acc6
  md5: 12c566707c80111f9799308d9e265aef
  depends:
  - python >=3.9
  - python
  license: BSD-3-Clause
  license_family: BSD
  size: 110100
  timestamp: 1733195786147
- conda: https://conda.anaconda.org/conda-forge/noarch/pygments-2.19.1-pyhd8ed1ab_0.conda
  sha256: 28a3e3161390a9d23bc02b4419448f8d27679d9e2c250e29849e37749c8de86b
  md5: 232fb4577b6687b2d503ef8e254270c9
  depends:
  - python >=3.9
  license: BSD-2-Clause
  license_family: BSD
  size: 888600
  timestamp: 1736243563082
- conda: https://conda.anaconda.org/conda-forge/noarch/pyjwt-2.10.1-pyhd8ed1ab_0.conda
  sha256: 158d8911e873e2a339c27768933747bf9c2aec1caa038f1b7b38a011734a956f
  md5: 84c5c40ea7c5bbc6243556e5daed20e7
  depends:
  - python >=3.9
  constrains:
  - cryptography >=3.4.0
  license: MIT
  license_family: MIT
  size: 25093
  timestamp: 1732782523102
- conda: https://conda.anaconda.org/conda-forge/noarch/pyopenssl-25.0.0-pyhd8ed1ab_0.conda
  sha256: 18a487af2ae5e2c380a8bb3fe38da2b4dc3aa8d033aa75202442e1075e6f635b
  md5: 195fbabc5cc805f2cc10cb881a19cf8b
  depends:
  - cryptography >=41.0.5,<45
  - python >=3.9
  - typing-extensions >=4.9
  license: Apache-2.0
  license_family: Apache
  size: 122758
  timestamp: 1737243471659
- conda: https://conda.anaconda.org/conda-forge/noarch/pyparsing-3.2.1-pyhd8ed1ab_0.conda
  sha256: f513fed4001fd228d3bf386269237b4ca6bff732c99ffc11fcbad8529b35407c
  md5: 285e237b8f351e85e7574a2c7bfa6d46
  depends:
  - python >=3.9
  license: MIT
  license_family: MIT
  size: 93082
  timestamp: 1735698406955
- conda: https://conda.anaconda.org/conda-forge/noarch/pypdf-5.3.1-pyh29332c3_0.conda
  sha256: 00c7520b9d65ce10b950aeadbb86808005384d7ec78160a3922c766413eb234c
  md5: 933e34932ca19ff99463c81b69428bad
  depends:
  - python >=3.9
  - typing_extensions >=4.0
  - python
  license: BSD-3-Clause
  license_family: BSD
  size: 249441
  timestamp: 1740930945173
- conda: https://conda.anaconda.org/conda-forge/noarch/pysocks-1.7.1-pyha55dd90_7.conda
  sha256: ba3b032fa52709ce0d9fd388f63d330a026754587a2f461117cac9ab73d8d0d8
  md5: 461219d1a5bd61342293efa2c0c90eac
  depends:
  - __unix
  - python >=3.9
  license: BSD-3-Clause
  license_family: BSD
  size: 21085
  timestamp: 1733217331982
- conda: https://conda.anaconda.org/conda-forge/osx-arm64/python-3.13.2-h81fe080_101_cp313.conda
  build_number: 101
  sha256: 6239a14c39a9902d6b617d57efe3eefbab23cf30cdc67122fdab81d04da193cd
  md5: 71a76067a1cac1a2f03b43a08646a63e
  depends:
  - __osx >=11.0
  - bzip2 >=1.0.8,<2.0a0
  - libexpat >=2.6.4,<3.0a0
  - libffi >=3.4,<4.0a0
  - liblzma >=5.6.4,<6.0a0
  - libmpdec >=4.0.0,<5.0a0
  - libsqlite >=3.48.0,<4.0a0
  - libzlib >=1.3.1,<2.0a0
  - ncurses >=6.5,<7.0a0
  - openssl >=3.4.1,<4.0a0
  - python_abi 3.13.* *_cp313
  - readline >=8.2,<9.0a0
  - tk >=8.6.13,<8.7.0a0
  - tzdata
  license: Python-2.0
  size: 11682568
  timestamp: 1739801342527
  python_site_packages_path: lib/python3.13/site-packages
- conda: https://conda.anaconda.org/conda-forge/osx-arm64/python_abi-3.13-5_cp313.conda
  build_number: 5
  sha256: 4437198eae80310f40b23ae2f8a9e0a7e5c2b9ae411a8621eb03d87273666199
  md5: b8e82d0a5c1664638f87f63cc5d241fb
  constrains:
  - python 3.13.* *_cp313
  license: BSD-3-Clause
  license_family: BSD
  size: 6322
  timestamp: 1723823058879
- conda: https://conda.anaconda.org/conda-forge/noarch/pyu2f-0.1.5-pyhd8ed1ab_1.conda
  sha256: 991caa5408aea018488a2c94e915c11792b9321b0ef64401f4829ebd0abfb3c0
  md5: 644bd4ca9f68ef536b902685d773d697
  depends:
  - python >=3.9
  - six
  license: Apache-2.0
  license_family: APACHE
  size: 36786
  timestamp: 1733738704089
- conda: https://conda.anaconda.org/conda-forge/osx-arm64/readline-8.2-h1d1bf99_2.conda
  sha256: 7db04684d3904f6151eff8673270922d31da1eea7fa73254d01c437f49702e34
  md5: 63ef3f6e6d6d5c589e64f11263dc5676
  depends:
  - ncurses >=6.5,<7.0a0
  license: GPL-3.0-only
  license_family: GPL
  size: 252359
  timestamp: 1740379663071
- conda: https://conda.anaconda.org/conda-forge/noarch/requests-2.32.3-pyhd8ed1ab_1.conda
  sha256: d701ca1136197aa121bbbe0e8c18db6b5c94acbd041c2b43c70e5ae104e1d8ad
  md5: a9b9368f3701a417eac9edbcae7cb737
  depends:
  - certifi >=2017.4.17
  - charset-normalizer >=2,<4
  - idna >=2.5,<4
  - python >=3.9
  - urllib3 >=1.21.1,<3
  constrains:
  - chardet >=3.0.2,<6
  license: Apache-2.0
  license_family: APACHE
  size: 58723
  timestamp: 1733217126197
- conda: https://conda.anaconda.org/conda-forge/noarch/requests-oauthlib-2.0.0-pyhd8ed1ab_1.conda
  sha256: 75ef0072ae6691f5ca9709fe6a2570b98177b49d0231a6749ac4e610da934cab
  md5: a283b764d8b155f81e904675ef5e1f4b
  depends:
  - oauthlib >=3.0.0
  - python >=3.9
  - requests >=2.0.0
  license: ISC
  size: 25875
  timestamp: 1733772348802
- conda: https://conda.anaconda.org/conda-forge/noarch/rsa-4.9-pyhd8ed1ab_1.conda
  sha256: 210ff0e3aaa8ce8e9d45a5fd578ce7b2d5bcd7d3054dc779c3a159b8f72104d6
  md5: 91def14612d11100329d53a75993a4d5
  depends:
  - pyasn1 >=0.1.3
  - python >=3.9
  license: Apache-2.0
  license_family: APACHE
  size: 30799
  timestamp: 1733662778918
- conda: https://conda.anaconda.org/conda-forge/osx-arm64/ruff-0.9.10-py313h35210b4_0.conda
  sha256: e4ad6a90c80d07ef7f0c6c59ee3739e746547daa6c9cba7417747a295a71c57c
  md5: 32a0d30b89ebaadb2e952b64a47db3cf
  depends:
  - __osx >=11.0
  - libcxx >=18
  - python >=3.13,<3.14.0a0
  - python >=3.13,<3.14.0a0 *_cp313
  - python_abi 3.13.* *_cp313
  constrains:
  - __osx >=11.0
  license: MIT
  license_family: MIT
  size: 7796825
  timestamp: 1741446608766
- conda: https://conda.anaconda.org/conda-forge/noarch/setuptools-75.8.2-pyhff2d567_0.conda
  sha256: 91d664ace7c22e787775069418daa9f232ee8bafdd0a6a080a5ed2395a6fa6b2
  md5: 9bddfdbf4e061821a1a443f93223be61
  depends:
  - python >=3.9
  license: MIT
  license_family: MIT
  size: 777736
  timestamp: 1740654030775
- conda: https://conda.anaconda.org/conda-forge/noarch/six-1.17.0-pyhd8ed1ab_0.conda
  sha256: 41db0180680cc67c3fa76544ffd48d6a5679d96f4b71d7498a759e94edc9a2db
  md5: a451d576819089b0d672f18768be0f65
  depends:
  - python >=3.9
  license: MIT
  license_family: MIT
  size: 16385
  timestamp: 1733381032766
- conda: https://conda.anaconda.org/conda-forge/noarch/stack_data-0.6.3-pyhd8ed1ab_1.conda
  sha256: 570da295d421661af487f1595045760526964f41471021056e993e73089e9c41
  md5: b1b505328da7a6b246787df4b5a49fbc
  depends:
  - asttokens
  - executing
  - pure_eval
  - python >=3.9
  license: MIT
  license_family: MIT
  size: 26988
  timestamp: 1733569565672
- conda: https://conda.anaconda.org/conda-forge/osx-arm64/tk-8.6.13-h5083fa2_1.conda
  sha256: 72457ad031b4c048e5891f3f6cb27a53cb479db68a52d965f796910e71a403a8
  md5: b50a57ba89c32b62428b71a875291c9b
  depends:
  - libzlib >=1.2.13,<2.0.0a0
  license: TCL
  license_family: BSD
  size: 3145523
  timestamp: 1699202432999
- conda: https://conda.anaconda.org/conda-forge/noarch/toml-0.10.2-pyhd8ed1ab_1.conda
  sha256: 34f3a83384ac3ac30aefd1309e69498d8a4aa0bf2d1f21c645f79b180e378938
  md5: b0dd904de08b7db706167240bf37b164
  depends:
  - python >=3.9
  license: MIT
  license_family: MIT
  size: 22132
  timestamp: 1734091907682
- conda: https://conda.anaconda.org/conda-forge/noarch/traitlets-5.14.3-pyhd8ed1ab_1.conda
  sha256: f39a5620c6e8e9e98357507262a7869de2ae8cc07da8b7f84e517c9fd6c2b959
  md5: 019a7385be9af33791c989871317e1ed
  depends:
  - python >=3.9
  license: BSD-3-Clause
  license_family: BSD
  size: 110051
  timestamp: 1733367480074
- conda: https://conda.anaconda.org/conda-forge/noarch/typing-extensions-4.12.2-hd8ed1ab_1.conda
  noarch: python
  sha256: c8e9c1c467b5f960b627d7adc1c65fece8e929a3de89967e91ef0f726422fd32
  md5: b6a408c64b78ec7b779a3e5c7a902433
  depends:
  - typing_extensions 4.12.2 pyha770c72_1
  license: PSF-2.0
  license_family: PSF
  size: 10075
  timestamp: 1733188758872
- conda: https://conda.anaconda.org/conda-forge/noarch/typing_extensions-4.12.2-pyha770c72_1.conda
  sha256: 337be7af5af8b2817f115b3b68870208b30c31d3439bec07bfb2d8f4823e3568
  md5: d17f13df8b65464ca316cbc000a3cb64
  depends:
  - python >=3.9
  license: PSF-2.0
  license_family: PSF
  size: 39637
  timestamp: 1733188758212
- conda: https://conda.anaconda.org/conda-forge/noarch/tzdata-2025a-h78e105d_0.conda
  sha256: c4b1ae8a2931fe9b274c44af29c5475a85b37693999f8c792dad0f8c6734b1de
  md5: dbcace4706afdfb7eb891f7b37d07c04
  license: LicenseRef-Public-Domain
  size: 122921
  timestamp: 1737119101255
- conda: https://conda.anaconda.org/conda-forge/noarch/uritemplate-4.1.1-pyhd8ed1ab_1.conda
  sha256: 2891c1c8312a82bc2a183597b3f15ba53f08d5a33cfed06692b41ffa38686ffd
  md5: 4313d1446ed45de876952850a7b37da6
  depends:
  - python >=3.9
  license: Apache-2.0
  license_family: Apache
  size: 14751
  timestamp: 1733927974177
- conda: https://conda.anaconda.org/conda-forge/noarch/urllib3-2.3.0-pyhd8ed1ab_0.conda
  sha256: 114919ffa80c328127dab9c8e7a38f9d563c617691fb81fccb11c1e86763727e
  md5: 32674f8dbfb7b26410ed580dd3c10a29
  depends:
  - brotli-python >=1.0.9
  - h2 >=4,<5
  - pysocks >=1.5.6,<2.0,!=1.5.7
  - python >=3.9
  - zstandard >=0.18.0
  license: MIT
  license_family: MIT
  size: 100102
  timestamp: 1734859520452
- conda: https://conda.anaconda.org/conda-forge/noarch/wcwidth-0.2.13-pyhd8ed1ab_1.conda
  sha256: f21e63e8f7346f9074fd00ca3b079bd3d2fa4d71f1f89d5b6934bf31446dc2a5
  md5: b68980f2495d096e71c7fd9d7ccf63e6
  depends:
  - python >=3.9
  license: MIT
  license_family: MIT
  size: 32581
  timestamp: 1733231433877
- conda: https://conda.anaconda.org/conda-forge/osx-arm64/yarl-1.18.3-py313ha9b7d5b_1.conda
  sha256: ee7213dd0494f38b5d1ca647e1b62224a2dea689601700b734a3adc8975dbe27
  md5: ab11e807bc3f730f7e58b202272855f9
  depends:
  - __osx >=11.0
  - idna >=2.0
  - multidict >=4.0
  - propcache >=0.2.1
  - python >=3.13,<3.14.0a0
  - python >=3.13,<3.14.0a0 *_cp313
  - python_abi 3.13.* *_cp313
  license: Apache-2.0
  license_family: Apache
  size: 146183
  timestamp: 1737576016040
- conda: https://conda.anaconda.org/conda-forge/osx-arm64/zstandard-0.23.0-py313hf2da073_1.conda
  sha256: 12b4e34acff24d291e2626c6610dfd819b8d99a461025ae59affcb6e84bc1d57
  md5: deebca66926691fadaaf16da05ecb5f9
  depends:
  - __osx >=11.0
  - cffi >=1.11
  - python >=3.13.0rc1,<3.14.0a0
  - python >=3.13.0rc1,<3.14.0a0 *_cp313
  - python_abi 3.13.* *_cp313
  - zstd >=1.5.6,<1.5.7.0a0
  - zstd >=1.5.6,<1.6.0a0
  license: BSD-3-Clause
  license_family: BSD
  size: 336496
  timestamp: 1725305912716
- conda: https://conda.anaconda.org/conda-forge/osx-arm64/zstd-1.5.6-hb46c0d2_0.conda
  sha256: 2d4fd1ff7ee79cd954ca8e81abf11d9d49954dd1fef80f27289e2402ae9c2e09
  md5: d96942c06c3e84bfcc5efb038724a7fd
  depends:
  - __osx >=11.0
  - libzlib >=1.2.13,<2.0.0a0
  license: BSD-3-Clause
  license_family: BSD
  size: 405089
  timestamp: 1714723101397
